
Microsoft Visual Studio Solution File, Format Version 12.00
# Visual Studio 15
VisualStudioVersion = 15.0.28010.2041
MinimumVisualStudioVersion = 10.0.40219.1
Project("{FAE04EC0-301F-11D3-BF4B-00C04F79EFBC}") = "SVSWebPortal", "WebAppAngular5\SVSWebPortal.csproj", "{48983E07-034C-4DE1-B083-55D0904138FB}"
EndProject
Project("{FAE04EC0-301F-11D3-BF4B-00C04F79EFBC}") = "Domain.WindowsService", "Domain.WindowsService\Domain.WindowsService.csproj", "{ACA47DFD-3706-4042-B73C-B1197CFAF429}"
EndProject
Project("{FAE04EC0-301F-11D3-BF4B-00C04F79EFBC}") = "Domain.WindowService.Batch", "Domain.WindowService.Batch\Domain.WindowService.Batch.csproj", "{911EB4D9-A107-42F5-84C2-ADB47E241AB7}"
EndProject
Project("{FAE04EC0-301F-11D3-BF4B-00C04F79EFBC}") = "SVSUnitTest", "SVSUnitTest\SVSUnitTest.csproj", "{7594CCD4-F9EA-4ADF-8140-6D374DAB9C92}"
EndProject
Global
	GlobalSection(SolutionConfigurationPlatforms) = preSolution
		Debug|Any CPU = Debug|Any CPU
		Release|Any CPU = Release|Any CPU
	EndGlobalSection
	GlobalSection(ProjectConfigurationPlatforms) = postSolution
		{48983E07-034C-4DE1-B083-55D0904138FB}.Debug|Any CPU.ActiveCfg = Debug|Any CPU
		{48983E07-034C-4DE1-B083-55D0904138FB}.Debug|Any CPU.Build.0 = Debug|Any CPU
		{48983E07-034C-4DE1-B083-55D0904138FB}.Release|Any CPU.ActiveCfg = Release|Any CPU
		{48983E07-034C-4DE1-B083-55D0904138FB}.Release|Any CPU.Build.0 = Release|Any CPU
		{ACA47DFD-3706-4042-B73C-B1197CFAF429}.Debug|Any CPU.ActiveCfg = Debug|Any CPU
		{ACA47DFD-3706-4042-B73C-B1197CFAF429}.Debug|Any CPU.Build.0 = Debug|Any CPU
		{ACA47DFD-3706-4042-B73C-B1197CFAF429}.Release|Any CPU.ActiveCfg = Release|Any CPU
		{ACA47DFD-3706-4042-B73C-B1197CFAF429}.Release|Any CPU.Build.0 = Release|Any CPU
		{911EB4D9-A107-42F5-84C2-ADB47E241AB7}.Debug|Any CPU.ActiveCfg = Debug|Any CPU
		{911EB4D9-A107-42F5-84C2-ADB47E241AB7}.Debug|Any CPU.Build.0 = Debug|Any CPU
		{911EB4D9-A107-42F5-84C2-ADB47E241AB7}.Release|Any CPU.ActiveCfg = Release|Any CPU
		{911EB4D9-A107-42F5-84C2-ADB47E241AB7}.Release|Any CPU.Build.0 = Release|Any CPU
		{7594CCD4-F9EA-4ADF-8140-6D374DAB9C92}.Debug|Any CPU.ActiveCfg = Debug|Any CPU
		{7594CCD4-F9EA-4ADF-8140-6D374DAB9C92}.Debug|Any CPU.Build.0 = Debug|Any CPU
		{7594CCD4-F9EA-4ADF-8140-6D374DAB9C92}.Release|Any CPU.ActiveCfg = Release|Any CPU
		{7594CCD4-F9EA-4ADF-8140-6D374DAB9C92}.Release|Any CPU.Build.0 = Release|Any CPU
	EndGlobalSection
	GlobalSection(SolutionProperties) = preSolution
		HideSolutionNode = FALSE
	EndGlobalSection
	GlobalSection(ExtensibilityGlobals) = postSolution
		SolutionGuid = {F524119D-BE9E-4E56-AF82-DDA2BAA3C626}
	EndGlobalSection
EndGlobal
